{
  "name": "nearspace_modules",
  "version": "1.0.0",
  "lockfileVersion": 1,
  "requires": true,
  "dependencies": {
    "list.js": {
      "version": "2.3.0",
      "resolved": "https://registry.npmjs.org/list.js/-/list.js-2.3.0.tgz",
      "integrity": "sha512-uIMSXNtEmAcurnONbHan2ZO4JyWhychb8ETxNRFv1z1RCvnlyLJFiAfmtS631tTU49W3yy/tjrAbFwkBS3asbA==",
      "requires": {
        "string-natural-compare": "^2.0.2"
      }
    },
    "mmenu-js": {
      "version": "8.5.20",
      "resolved": "https://registry.npmjs.org/mmenu-js/-/mmenu-js-8.5.20.tgz",
      "integrity": "sha512-bnjsPYhfGrZnfWPW37lgqbWDcBilRxKjjQwFvRa8Ho3cS5R7Lz0NfBxmajFDsNZjPgLAL2ObNGvhVIF04+4ZYQ=="
    },
    "string-natural-compare": {
      "version": "2.0.3",
      "resolved": "https://registry.npmjs.org/string-natural-compare/-/string-natural-compare-2.0.3.tgz",
      "integrity": "sha512-4Kcl12rNjc+6EKhY8QyDVuQTAlMWwRiNbsxnVwBUKFr7dYPQuXVrtNU4sEkjF9LHY0AY6uVbB3ktbkIH4LC+BQ=="
    }
  }
}
